
Microsoft Visual Studio Solution File, Format Version 12.00
# Visual Studio Version 17
VisualStudioVersion = 17.5.33414.496
MinimumVisualStudioVersion = 10.0.40219.1
Project("{2150E333-8FDC-42A3-9474-1A3956D46DE8}") = "IOC", "IOC", "{27308C55-E5CF-44F2-B4BB-ECB0F4C64F59}"
EndProject
Project("{FAE04EC0-301F-11D3-BF4B-00C04F79EFBC}") = "IOC1", "IOC1\IOC1.csproj", "{11972B7C-5329-438A-82FB-70C22D2B941A}"
EndProject
Project("{FAE04EC0-301F-11D3-BF4B-00C04F79EFBC}") = "IOC2", "IOC2\IOC2.csproj", "{BF43873C-B0D1-4278-BEAF-3191B6686006}"
EndProject
Project("{FAE04EC0-301F-11D3-BF4B-00C04F79EFBC}") = "IOC3", "IOC3\IOC3.csproj", "{B3F495B6-FD68-479C-8E27-F7CCAB736B46}"
EndProject
Global
	GlobalSection(SolutionConfigurationPlatforms) = preSolution
		Debug|Any CPU = Debug|Any CPU
		Release|Any CPU = Release|Any CPU
	EndGlobalSection
	GlobalSection(ProjectConfigurationPlatforms) = postSolution
		{11972B7C-5329-438A-82FB-70C22D2B941A}.Debug|Any CPU.ActiveCfg = Debug|Any CPU
		{11972B7C-5329-438A-82FB-70C22D2B941A}.Debug|Any CPU.Build.0 = Debug|Any CPU
		{11972B7C-5329-438A-82FB-70C22D2B941A}.Release|Any CPU.ActiveCfg = Release|Any CPU
		{11972B7C-5329-438A-82FB-70C22D2B941A}.Release|Any CPU.Build.0 = Release|Any CPU
		{BF43873C-B0D1-4278-BEAF-3191B6686006}.Debug|Any CPU.ActiveCfg = Debug|Any CPU
		{BF43873C-B0D1-4278-BEAF-3191B6686006}.Debug|Any CPU.Build.0 = Debug|Any CPU
		{BF43873C-B0D1-4278-BEAF-3191B6686006}.Release|Any CPU.ActiveCfg = Release|Any CPU
		{BF43873C-B0D1-4278-BEAF-3191B6686006}.Release|Any CPU.Build.0 = Release|Any CPU
		{B3F495B6-FD68-479C-8E27-F7CCAB736B46}.Debug|Any CPU.ActiveCfg = Debug|Any CPU
		{B3F495B6-FD68-479C-8E27-F7CCAB736B46}.Debug|Any CPU.Build.0 = Debug|Any CPU
		{B3F495B6-FD68-479C-8E27-F7CCAB736B46}.Release|Any CPU.ActiveCfg = Release|Any CPU
		{B3F495B6-FD68-479C-8E27-F7CCAB736B46}.Release|Any CPU.Build.0 = Release|Any CPU
	EndGlobalSection
	GlobalSection(SolutionProperties) = preSolution
		HideSolutionNode = FALSE
	EndGlobalSection
	GlobalSection(NestedProjects) = preSolution
		{11972B7C-5329-438A-82FB-70C22D2B941A} = {27308C55-E5CF-44F2-B4BB-ECB0F4C64F59}
		{BF43873C-B0D1-4278-BEAF-3191B6686006} = {27308C55-E5CF-44F2-B4BB-ECB0F4C64F59}
		{B3F495B6-FD68-479C-8E27-F7CCAB736B46} = {27308C55-E5CF-44F2-B4BB-ECB0F4C64F59}
	EndGlobalSection
	GlobalSection(ExtensibilityGlobals) = postSolution
		SolutionGuid = {526E8D08-6346-4669-8E35-F28BC38CEB38}
	EndGlobalSection
EndGlobal
